
Microsoft Visual Studio Solution File, Format Version 12.00
# Visual Studio 2012
Project("{FAE04EC0-301F-11D3-BF4B-00C04F79EFBC}") = "Journeyman.Pre.FizzBuzz", "Journeyman.Pre.FizzBuzz\Journeyman.Pre.FizzBuzz.csproj", "{93CE28AC-74DA-464B-91E3-66EED54674F4}"
EndProject
Project("{FAE04EC0-301F-11D3-BF4B-00C04F79EFBC}") = "Journeyman.Pre.FizzBuzzTest", "Journeyman.Pre.FizzBuzzTest\Journeyman.Pre.FizzBuzzTest.csproj", "{1FA5D5AD-72DA-4FCB-A8C3-ACF0E85DF4ED}"
EndProject
Global
	GlobalSection(SolutionConfigurationPlatforms) = preSolution
		Debug|Any CPU = Debug|Any CPU
		Release|Any CPU = Release|Any CPU
	EndGlobalSection
	GlobalSection(ProjectConfigurationPlatforms) = postSolution
		{93CE28AC-74DA-464B-91E3-66EED54674F4}.Debug|Any CPU.ActiveCfg = Debug|Any CPU
		{93CE28AC-74DA-464B-91E3-66EED54674F4}.Debug|Any CPU.Build.0 = Debug|Any CPU
		{93CE28AC-74DA-464B-91E3-66EED54674F4}.Release|Any CPU.ActiveCfg = Release|Any CPU
		{93CE28AC-74DA-464B-91E3-66EED54674F4}.Release|Any CPU.Build.0 = Release|Any CPU
		{1FA5D5AD-72DA-4FCB-A8C3-ACF0E85DF4ED}.Debug|Any CPU.ActiveCfg = Debug|Any CPU
		{1FA5D5AD-72DA-4FCB-A8C3-ACF0E85DF4ED}.Debug|Any CPU.Build.0 = Debug|Any CPU
		{1FA5D5AD-72DA-4FCB-A8C3-ACF0E85DF4ED}.Release|Any CPU.ActiveCfg = Release|Any CPU
		{1FA5D5AD-72DA-4FCB-A8C3-ACF0E85DF4ED}.Release|Any CPU.Build.0 = Release|Any CPU
	EndGlobalSection
	GlobalSection(SolutionProperties) = preSolution
		HideSolutionNode = FALSE
	EndGlobalSection
EndGlobal
